<?xml version="1.0" encoding="UTF-8" standalone="yes" ?>
<CodeBlocks_project_file>
	<FileVersion major="1" minor="6" />
	<Project>
		<Option title="cpp_projects_weids" />
		<Option pch_mode="2" />
		<Option compiler="gcc" />
		<Build>
			<Target title="Debug">
				<Option output="bin/Debug/cpp_projects_weids" prefix_auto="1" extension_auto="1" />
				<Option object_output="obj/Debug/" />
				<Option type="1" />
				<Option compiler="gcc" />
				<Compiler>
					<Add option="-g" />
				</Compiler>
			</Target>
			<Target title="Release">
				<Option output="bin/Release/cpp_projects_weids" prefix_auto="1" extension_auto="1" />
				<Option object_output="obj/Release/" />
				<Option type="1" />
				<Option compiler="gcc" />
				<Compiler>
					<Add option="-O2" />
				</Compiler>
				<Linker>
					<Add option="-s" />
				</Linker>
			</Target>
		</Build>
		<Compiler>
			<Add option="-Wall" />
		</Compiler>
		<Unit filename="cpp_projects/01th_oop/person.c">
			<Option compilerVar="CC" />
			<Option compile="0" />
			<Option link="0" />
		</Unit>
		<Unit filename="cpp_projects/01th_oop/person2.c">
			<Option compilerVar="CC" />
			<Option compile="0" />
			<Option link="0" />
		</Unit>
		<Unit filename="cpp_projects/01th_oop/person3.c">
			<Option compilerVar="CC" />
			<Option compile="0" />
			<Option link="0" />
		</Unit>
		<Unit filename="cpp_projects/01th_oop/person4.c">
			<Option compilerVar="CC" />
			<Option compile="0" />
			<Option link="0" />
		</Unit>
		<Unit filename="cpp_projects/01th_oop/person5.cpp">
			<Option compile="0" />
			<Option link="0" />
		</Unit>
		<Unit filename="cpp_projects/01th_oop/person6.cpp">
			<Option compile="0" />
			<Option link="0" />
		</Unit>
		<Unit filename="cpp_projects/02th_accesscontrol/person.cpp">
			<Option compile="0" />
			<Option link="0" />
		</Unit>
		<Unit filename="cpp_projects/02th_accesscontrol/person2.cpp">
			<Option compile="0" />
			<Option link="0" />
		</Unit>
		<Unit filename="cpp_projects/03th_ProgramStructure/01th/person.cpp">
			<Option compile="0" />
			<Option link="0" />
		</Unit>
		<Unit filename="cpp_projects/03th_ProgramStructure/02th/main.cpp">
			<Option compile="0" />
			<Option link="0" />
		</Unit>
		<Unit filename="cpp_projects/03th_ProgramStructure/02th/person.cpp">
			<Option compile="0" />
			<Option link="0" />
		</Unit>
		<Unit filename="cpp_projects/03th_ProgramStructure/02th/person.h" />
		<Unit filename="cpp_projects/03th_ProgramStructure/03th/dog.cpp">
			<Option compile="0" />
			<Option link="0" />
		</Unit>
		<Unit filename="cpp_projects/03th_ProgramStructure/03th/dog.h" />
		<Unit filename="cpp_projects/03th_ProgramStructure/03th/main.cpp">
			<Option compile="0" />
			<Option link="0" />
		</Unit>
		<Unit filename="cpp_projects/03th_ProgramStructure/03th/person.cpp">
			<Option compile="0" />
			<Option link="0" />
		</Unit>
		<Unit filename="cpp_projects/03th_ProgramStructure/03th/person.h" />
		<Unit filename="cpp_projects/03th_ProgramStructure/04th/dog.cpp">
			<Option compile="0" />
			<Option link="0" />
		</Unit>
		<Unit filename="cpp_projects/03th_ProgramStructure/04th/dog.h" />
		<Unit filename="cpp_projects/03th_ProgramStructure/04th/main.cpp">
			<Option compile="0" />
			<Option link="0" />
		</Unit>
		<Unit filename="cpp_projects/03th_ProgramStructure/04th/person.cpp">
			<Option compile="0" />
			<Option link="0" />
		</Unit>
		<Unit filename="cpp_projects/03th_ProgramStructure/04th/person.h" />
		<Unit filename="cpp_projects/03th_ProgramStructure/05th/dog.cpp">
			<Option compile="0" />
			<Option link="0" />
		</Unit>
		<Unit filename="cpp_projects/03th_ProgramStructure/05th/dog.h" />
		<Unit filename="cpp_projects/03th_ProgramStructure/05th/main.cpp">
			<Option compile="0" />
			<Option link="0" />
		</Unit>
		<Unit filename="cpp_projects/03th_ProgramStructure/05th/person.cpp">
			<Option compile="0" />
			<Option link="0" />
		</Unit>
		<Unit filename="cpp_projects/03th_ProgramStructure/05th/person.h" />
		<Unit filename="cpp_projects/03th_ProgramStructure/06th/dog.cpp">
			<Option compile="0" />
			<Option link="0" />
		</Unit>
		<Unit filename="cpp_projects/03th_ProgramStructure/06th/dog.h" />
		<Unit filename="cpp_projects/03th_ProgramStructure/06th/main.cpp">
			<Option compile="0" />
			<Option link="0" />
		</Unit>
		<Unit filename="cpp_projects/03th_ProgramStructure/06th/person.cpp">
			<Option compile="0" />
			<Option link="0" />
		</Unit>
		<Unit filename="cpp_projects/03th_ProgramStructure/06th/person.h" />
		<Unit filename="cpp_projects/04th_overload/main.cpp">
			<Option compile="0" />
			<Option link="0" />
		</Unit>
		<Unit filename="cpp_projects/05th_pointer_reference/main.cpp">
			<Option compile="0" />
			<Option link="0" />
		</Unit>
		<Unit filename="cpp_projects/06th_constructor/person.cpp">
			<Option compile="0" />
			<Option link="0" />
		</Unit>
		<Unit filename="cpp_projects/06th_constructor/person10.cpp">
			<Option compile="0" />
			<Option link="0" />
		</Unit>
		<Unit filename="cpp_projects/06th_constructor/person11.cpp">
			<Option compile="0" />
			<Option link="0" />
		</Unit>
		<Unit filename="cpp_projects/06th_constructor/person2.cpp">
			<Option compile="0" />
			<Option link="0" />
		</Unit>
		<Unit filename="cpp_projects/06th_constructor/person3.cpp">
			<Option compile="0" />
			<Option link="0" />
		</Unit>
		<Unit filename="cpp_projects/06th_constructor/person4.cpp">
			<Option compile="0" />
			<Option link="0" />
		</Unit>
		<Unit filename="cpp_projects/06th_constructor/person5.cpp">
			<Option compile="0" />
			<Option link="0" />
		</Unit>
		<Unit filename="cpp_projects/06th_constructor/person6.cpp">
			<Option compile="0" />
			<Option link="0" />
		</Unit>
		<Unit filename="cpp_projects/06th_constructor/person7.cpp" />
		<Unit filename="cpp_projects/06th_constructor/person8.cpp">
			<Option compile="0" />
			<Option link="0" />
		</Unit>
		<Unit filename="cpp_projects/06th_constructor/person9.cpp">
			<Option compile="0" />
			<Option link="0" />
		</Unit>
		<Unit filename="cpp_projects/19th_smartpointer/person.cpp">
			<Option compile="0" />
			<Option link="0" />
		</Unit>
		<Unit filename="cpp_projects/19th_smartpointer/person2.cpp">
			<Option compile="0" />
			<Option link="0" />
		</Unit>
		<Unit filename="cpp_projects/19th_smartpointer/person3.cpp">
			<Option compile="0" />
			<Option link="0" />
		</Unit>
		<Unit filename="cpp_projects/19th_smartpointer/person4.cpp">
			<Option compile="0" />
			<Option link="0" />
		</Unit>
		<Unit filename="cpp_projects/19th_smartpointer/person5.cpp">
			<Option compile="0" />
			<Option link="0" />
		</Unit>
		<Unit filename="cpp_projects/19th_smartpointer/person6.cpp">
			<Option compile="0" />
			<Option link="0" />
		</Unit>
		<Unit filename="cpp_projects/19th_smartpointer/person7.cpp">
			<Option compile="0" />
			<Option link="0" />
		</Unit>
		<Unit filename="cpp_projects/19th_smartpointer/person8.cpp">
			<Option compile="0" />
			<Option link="0" />
		</Unit>
		<Unit filename="cpp_projects/19th_smartpointer/person9.cpp">
			<Option compile="0" />
			<Option link="0" />
		</Unit>
		<Unit filename="cpp_projects/19th_smartpointer/person9_father_son_ref_eachother.cpp">
			<Option compile="0" />
			<Option link="0" />
		</Unit>
		<Unit filename="cpp_projects/19th_smartpointer/person_1_pointer_with_delete.cpp">
			<Option compile="0" />
			<Option link="0" />
		</Unit>
		<Unit filename="cpp_projects/20th_light_smartpointer/RefBase.h" />
		<Unit filename="cpp_projects/20th_light_smartpointer/StrongPointer.h" />
		<Unit filename="cpp_projects/20th_light_smartpointer/TypeHelpers.h" />
		<Unit filename="cpp_projects/20th_light_smartpointer/person9.cpp">
			<Option compile="0" />
			<Option link="0" />
		</Unit>
		<Unit filename="cpp_projects/21th_strongpointer_weakpointer/01th/RefBase.h" />
		<Unit filename="cpp_projects/21th_strongpointer_weakpointer/01th/StrongPointer.h" />
		<Unit filename="cpp_projects/21th_strongpointer_weakpointer/01th/TypeHelpers.h" />
		<Unit filename="cpp_projects/21th_strongpointer_weakpointer/01th/person9.cpp">
			<Option compile="0" />
			<Option link="0" />
		</Unit>
		<Unit filename="cpp_projects/21th_strongpointer_weakpointer/02th/RefBase.cpp">
			<Option compile="0" />
			<Option link="0" />
		</Unit>
		<Unit filename="cpp_projects/21th_strongpointer_weakpointer/02th/include/cutils/android_reboot.h" />
		<Unit filename="cpp_projects/21th_strongpointer_weakpointer/02th/include/cutils/aref.h" />
		<Unit filename="cpp_projects/21th_strongpointer_weakpointer/02th/include/cutils/ashmem.h" />
		<Unit filename="cpp_projects/21th_strongpointer_weakpointer/02th/include/cutils/atomic-arm.h" />
		<Unit filename="cpp_projects/21th_strongpointer_weakpointer/02th/include/cutils/atomic-arm64.h" />
		<Unit filename="cpp_projects/21th_strongpointer_weakpointer/02th/include/cutils/atomic-inline.h" />
		<Unit filename="cpp_projects/21th_strongpointer_weakpointer/02th/include/cutils/atomic-mips.h" />
		<Unit filename="cpp_projects/21th_strongpointer_weakpointer/02th/include/cutils/atomic-mips64.h" />
		<Unit filename="cpp_projects/21th_strongpointer_weakpointer/02th/include/cutils/atomic-x86.h" />
		<Unit filename="cpp_projects/21th_strongpointer_weakpointer/02th/include/cutils/atomic-x86_64.h" />
		<Unit filename="cpp_projects/21th_strongpointer_weakpointer/02th/include/cutils/atomic.h" />
		<Unit filename="cpp_projects/21th_strongpointer_weakpointer/02th/include/cutils/bitops.h" />
		<Unit filename="cpp_projects/21th_strongpointer_weakpointer/02th/include/cutils/compiler.h" />
		<Unit filename="cpp_projects/21th_strongpointer_weakpointer/02th/include/cutils/config_utils.h" />
		<Unit filename="cpp_projects/21th_strongpointer_weakpointer/02th/include/cutils/cpu_info.h" />
		<Unit filename="cpp_projects/21th_strongpointer_weakpointer/02th/include/cutils/debugger.h" />
		<Unit filename="cpp_projects/21th_strongpointer_weakpointer/02th/include/cutils/dir_hash.h" />
		<Unit filename="cpp_projects/21th_strongpointer_weakpointer/02th/include/cutils/fs.h" />
		<Unit filename="cpp_projects/21th_strongpointer_weakpointer/02th/include/cutils/hashmap.h" />
		<Unit filename="cpp_projects/21th_strongpointer_weakpointer/02th/include/cutils/iosched_policy.h" />
		<Unit filename="cpp_projects/21th_strongpointer_weakpointer/02th/include/cutils/jstring.h" />
		<Unit filename="cpp_projects/21th_strongpointer_weakpointer/02th/include/cutils/klog.h" />
		<Unit filename="cpp_projects/21th_strongpointer_weakpointer/02th/include/cutils/list.h" />
		<Unit filename="cpp_projects/21th_strongpointer_weakpointer/02th/include/cutils/log.h" />
		<Unit filename="cpp_projects/21th_strongpointer_weakpointer/02th/include/cutils/memory.h" />
		<Unit filename="cpp_projects/21th_strongpointer_weakpointer/02th/include/cutils/misc.h" />
		<Unit filename="cpp_projects/21th_strongpointer_weakpointer/02th/include/cutils/multiuser.h" />
		<Unit filename="cpp_projects/21th_strongpointer_weakpointer/02th/include/cutils/native_handle.h" />
		<Unit filename="cpp_projects/21th_strongpointer_weakpointer/02th/include/cutils/open_memstream.h" />
		<Unit filename="cpp_projects/21th_strongpointer_weakpointer/02th/include/cutils/partition_utils.h" />
		<Unit filename="cpp_projects/21th_strongpointer_weakpointer/02th/include/cutils/process_name.h" />
		<Unit filename="cpp_projects/21th_strongpointer_weakpointer/02th/include/cutils/properties.h" />
		<Unit filename="cpp_projects/21th_strongpointer_weakpointer/02th/include/cutils/qtaguid.h" />
		<Unit filename="cpp_projects/21th_strongpointer_weakpointer/02th/include/cutils/record_stream.h" />
		<Unit filename="cpp_projects/21th_strongpointer_weakpointer/02th/include/cutils/sched_policy.h" />
		<Unit filename="cpp_projects/21th_strongpointer_weakpointer/02th/include/cutils/sockets.h" />
		<Unit filename="cpp_projects/21th_strongpointer_weakpointer/02th/include/cutils/str_parms.h" />
		<Unit filename="cpp_projects/21th_strongpointer_weakpointer/02th/include/cutils/threads.h" />
		<Unit filename="cpp_projects/21th_strongpointer_weakpointer/02th/include/cutils/trace.h" />
		<Unit filename="cpp_projects/21th_strongpointer_weakpointer/02th/include/cutils/uevent.h" />
		<Unit filename="cpp_projects/21th_strongpointer_weakpointer/02th/include/utils/AndroidThreads.h" />
		<Unit filename="cpp_projects/21th_strongpointer_weakpointer/02th/include/utils/Atomic.h" />
		<Unit filename="cpp_projects/21th_strongpointer_weakpointer/02th/include/utils/BasicHashtable.h" />
		<Unit filename="cpp_projects/21th_strongpointer_weakpointer/02th/include/utils/BitSet.h" />
		<Unit filename="cpp_projects/21th_strongpointer_weakpointer/02th/include/utils/BlobCache.h" />
		<Unit filename="cpp_projects/21th_strongpointer_weakpointer/02th/include/utils/ByteOrder.h" />
		<Unit filename="cpp_projects/21th_strongpointer_weakpointer/02th/include/utils/CallStack.h" />
		<Unit filename="cpp_projects/21th_strongpointer_weakpointer/02th/include/utils/Compat.h" />
		<Unit filename="cpp_projects/21th_strongpointer_weakpointer/02th/include/utils/Condition.h" />
		<Unit filename="cpp_projects/21th_strongpointer_weakpointer/02th/include/utils/Debug.h" />
		<Unit filename="cpp_projects/21th_strongpointer_weakpointer/02th/include/utils/Endian.h" />
		<Unit filename="cpp_projects/21th_strongpointer_weakpointer/02th/include/utils/Errors.h" />
		<Unit filename="cpp_projects/21th_strongpointer_weakpointer/02th/include/utils/FileMap.h" />
		<Unit filename="cpp_projects/21th_strongpointer_weakpointer/02th/include/utils/Flattenable.h" />
		<Unit filename="cpp_projects/21th_strongpointer_weakpointer/02th/include/utils/Functor.h" />
		<Unit filename="cpp_projects/21th_strongpointer_weakpointer/02th/include/utils/JenkinsHash.h" />
		<Unit filename="cpp_projects/21th_strongpointer_weakpointer/02th/include/utils/KeyedVector.h" />
		<Unit filename="cpp_projects/21th_strongpointer_weakpointer/02th/include/utils/LinearAllocator.h" />
		<Unit filename="cpp_projects/21th_strongpointer_weakpointer/02th/include/utils/LinearTransform.h" />
		<Unit filename="cpp_projects/21th_strongpointer_weakpointer/02th/include/utils/List.h" />
		<Unit filename="cpp_projects/21th_strongpointer_weakpointer/02th/include/utils/Log.h" />
		<Unit filename="cpp_projects/21th_strongpointer_weakpointer/02th/include/utils/Looper.h" />
		<Unit filename="cpp_projects/21th_strongpointer_weakpointer/02th/include/utils/LruCache.h" />
		<Unit filename="cpp_projects/21th_strongpointer_weakpointer/02th/include/utils/Mutex.h" />
		<Unit filename="cpp_projects/21th_strongpointer_weakpointer/02th/include/utils/NativeHandle.h" />
		<Unit filename="cpp_projects/21th_strongpointer_weakpointer/02th/include/utils/Printer.h" />
		<Unit filename="cpp_projects/21th_strongpointer_weakpointer/02th/include/utils/ProcessCallStack.h" />
		<Unit filename="cpp_projects/21th_strongpointer_weakpointer/02th/include/utils/PropertyMap.h" />
		<Unit filename="cpp_projects/21th_strongpointer_weakpointer/02th/include/utils/RWLock.h" />
		<Unit filename="cpp_projects/21th_strongpointer_weakpointer/02th/include/utils/RefBase.h" />
		<Unit filename="cpp_projects/21th_strongpointer_weakpointer/02th/include/utils/SharedBuffer.h" />
		<Unit filename="cpp_projects/21th_strongpointer_weakpointer/02th/include/utils/Singleton.h" />
		<Unit filename="cpp_projects/21th_strongpointer_weakpointer/02th/include/utils/SortedVector.h" />
		<Unit filename="cpp_projects/21th_strongpointer_weakpointer/02th/include/utils/StopWatch.h" />
		<Unit filename="cpp_projects/21th_strongpointer_weakpointer/02th/include/utils/String16.h" />
		<Unit filename="cpp_projects/21th_strongpointer_weakpointer/02th/include/utils/String8.h" />
		<Unit filename="cpp_projects/21th_strongpointer_weakpointer/02th/include/utils/StrongPointer.h" />
		<Unit filename="cpp_projects/21th_strongpointer_weakpointer/02th/include/utils/SystemClock.h" />
		<Unit filename="cpp_projects/21th_strongpointer_weakpointer/02th/include/utils/Thread.h" />
		<Unit filename="cpp_projects/21th_strongpointer_weakpointer/02th/include/utils/ThreadDefs.h" />
		<Unit filename="cpp_projects/21th_strongpointer_weakpointer/02th/include/utils/Timers.h" />
		<Unit filename="cpp_projects/21th_strongpointer_weakpointer/02th/include/utils/Tokenizer.h" />
		<Unit filename="cpp_projects/21th_strongpointer_weakpointer/02th/include/utils/Trace.h" />
		<Unit filename="cpp_projects/21th_strongpointer_weakpointer/02th/include/utils/TypeHelpers.h" />
		<Unit filename="cpp_projects/21th_strongpointer_weakpointer/02th/include/utils/Unicode.h" />
		<Unit filename="cpp_projects/21th_strongpointer_weakpointer/02th/include/utils/Vector.h" />
		<Unit filename="cpp_projects/21th_strongpointer_weakpointer/02th/include/utils/VectorImpl.h" />
		<Unit filename="cpp_projects/21th_strongpointer_weakpointer/02th/include/utils/ashmem.h" />
		<Unit filename="cpp_projects/21th_strongpointer_weakpointer/02th/include/utils/misc.h" />
		<Unit filename="cpp_projects/21th_strongpointer_weakpointer/02th/include/utils/threads.h" />
		<Unit filename="cpp_projects/21th_strongpointer_weakpointer/02th/person9.cpp">
			<Option compile="0" />
			<Option link="0" />
		</Unit>
		<Unit filename="cpp_projects/21th_strongpointer_weakpointer/03th/RefBase.cpp">
			<Option compile="0" />
			<Option link="0" />
		</Unit>
		<Unit filename="cpp_projects/21th_strongpointer_weakpointer/03th/include/cutils/android_reboot.h" />
		<Unit filename="cpp_projects/21th_strongpointer_weakpointer/03th/include/cutils/aref.h" />
		<Unit filename="cpp_projects/21th_strongpointer_weakpointer/03th/include/cutils/ashmem.h" />
		<Unit filename="cpp_projects/21th_strongpointer_weakpointer/03th/include/cutils/atomic-arm.h" />
		<Unit filename="cpp_projects/21th_strongpointer_weakpointer/03th/include/cutils/atomic-arm64.h" />
		<Unit filename="cpp_projects/21th_strongpointer_weakpointer/03th/include/cutils/atomic-inline.h" />
		<Unit filename="cpp_projects/21th_strongpointer_weakpointer/03th/include/cutils/atomic-mips.h" />
		<Unit filename="cpp_projects/21th_strongpointer_weakpointer/03th/include/cutils/atomic-mips64.h" />
		<Unit filename="cpp_projects/21th_strongpointer_weakpointer/03th/include/cutils/atomic-x86.h" />
		<Unit filename="cpp_projects/21th_strongpointer_weakpointer/03th/include/cutils/atomic-x86_64.h" />
		<Unit filename="cpp_projects/21th_strongpointer_weakpointer/03th/include/cutils/atomic.h" />
		<Unit filename="cpp_projects/21th_strongpointer_weakpointer/03th/include/cutils/bitops.h" />
		<Unit filename="cpp_projects/21th_strongpointer_weakpointer/03th/include/cutils/compiler.h" />
		<Unit filename="cpp_projects/21th_strongpointer_weakpointer/03th/include/cutils/config_utils.h" />
		<Unit filename="cpp_projects/21th_strongpointer_weakpointer/03th/include/cutils/cpu_info.h" />
		<Unit filename="cpp_projects/21th_strongpointer_weakpointer/03th/include/cutils/debugger.h" />
		<Unit filename="cpp_projects/21th_strongpointer_weakpointer/03th/include/cutils/dir_hash.h" />
		<Unit filename="cpp_projects/21th_strongpointer_weakpointer/03th/include/cutils/fs.h" />
		<Unit filename="cpp_projects/21th_strongpointer_weakpointer/03th/include/cutils/hashmap.h" />
		<Unit filename="cpp_projects/21th_strongpointer_weakpointer/03th/include/cutils/iosched_policy.h" />
		<Unit filename="cpp_projects/21th_strongpointer_weakpointer/03th/include/cutils/jstring.h" />
		<Unit filename="cpp_projects/21th_strongpointer_weakpointer/03th/include/cutils/klog.h" />
		<Unit filename="cpp_projects/21th_strongpointer_weakpointer/03th/include/cutils/list.h" />
		<Unit filename="cpp_projects/21th_strongpointer_weakpointer/03th/include/cutils/log.h" />
		<Unit filename="cpp_projects/21th_strongpointer_weakpointer/03th/include/cutils/memory.h" />
		<Unit filename="cpp_projects/21th_strongpointer_weakpointer/03th/include/cutils/misc.h" />
		<Unit filename="cpp_projects/21th_strongpointer_weakpointer/03th/include/cutils/multiuser.h" />
		<Unit filename="cpp_projects/21th_strongpointer_weakpointer/03th/include/cutils/native_handle.h" />
		<Unit filename="cpp_projects/21th_strongpointer_weakpointer/03th/include/cutils/open_memstream.h" />
		<Unit filename="cpp_projects/21th_strongpointer_weakpointer/03th/include/cutils/partition_utils.h" />
		<Unit filename="cpp_projects/21th_strongpointer_weakpointer/03th/include/cutils/process_name.h" />
		<Unit filename="cpp_projects/21th_strongpointer_weakpointer/03th/include/cutils/properties.h" />
		<Unit filename="cpp_projects/21th_strongpointer_weakpointer/03th/include/cutils/qtaguid.h" />
		<Unit filename="cpp_projects/21th_strongpointer_weakpointer/03th/include/cutils/record_stream.h" />
		<Unit filename="cpp_projects/21th_strongpointer_weakpointer/03th/include/cutils/sched_policy.h" />
		<Unit filename="cpp_projects/21th_strongpointer_weakpointer/03th/include/cutils/sockets.h" />
		<Unit filename="cpp_projects/21th_strongpointer_weakpointer/03th/include/cutils/str_parms.h" />
		<Unit filename="cpp_projects/21th_strongpointer_weakpointer/03th/include/cutils/threads.h" />
		<Unit filename="cpp_projects/21th_strongpointer_weakpointer/03th/include/cutils/trace.h" />
		<Unit filename="cpp_projects/21th_strongpointer_weakpointer/03th/include/cutils/uevent.h" />
		<Unit filename="cpp_projects/21th_strongpointer_weakpointer/03th/include/utils/AndroidThreads.h" />
		<Unit filename="cpp_projects/21th_strongpointer_weakpointer/03th/include/utils/Atomic.h" />
		<Unit filename="cpp_projects/21th_strongpointer_weakpointer/03th/include/utils/BasicHashtable.h" />
		<Unit filename="cpp_projects/21th_strongpointer_weakpointer/03th/include/utils/BitSet.h" />
		<Unit filename="cpp_projects/21th_strongpointer_weakpointer/03th/include/utils/BlobCache.h" />
		<Unit filename="cpp_projects/21th_strongpointer_weakpointer/03th/include/utils/ByteOrder.h" />
		<Unit filename="cpp_projects/21th_strongpointer_weakpointer/03th/include/utils/CallStack.h" />
		<Unit filename="cpp_projects/21th_strongpointer_weakpointer/03th/include/utils/Compat.h" />
		<Unit filename="cpp_projects/21th_strongpointer_weakpointer/03th/include/utils/Condition.h" />
		<Unit filename="cpp_projects/21th_strongpointer_weakpointer/03th/include/utils/Debug.h" />
		<Unit filename="cpp_projects/21th_strongpointer_weakpointer/03th/include/utils/Endian.h" />
		<Unit filename="cpp_projects/21th_strongpointer_weakpointer/03th/include/utils/Errors.h" />
		<Unit filename="cpp_projects/21th_strongpointer_weakpointer/03th/include/utils/FileMap.h" />
		<Unit filename="cpp_projects/21th_strongpointer_weakpointer/03th/include/utils/Flattenable.h" />
		<Unit filename="cpp_projects/21th_strongpointer_weakpointer/03th/include/utils/Functor.h" />
		<Unit filename="cpp_projects/21th_strongpointer_weakpointer/03th/include/utils/JenkinsHash.h" />
		<Unit filename="cpp_projects/21th_strongpointer_weakpointer/03th/include/utils/KeyedVector.h" />
		<Unit filename="cpp_projects/21th_strongpointer_weakpointer/03th/include/utils/LinearAllocator.h" />
		<Unit filename="cpp_projects/21th_strongpointer_weakpointer/03th/include/utils/LinearTransform.h" />
		<Unit filename="cpp_projects/21th_strongpointer_weakpointer/03th/include/utils/List.h" />
		<Unit filename="cpp_projects/21th_strongpointer_weakpointer/03th/include/utils/Log.h" />
		<Unit filename="cpp_projects/21th_strongpointer_weakpointer/03th/include/utils/Looper.h" />
		<Unit filename="cpp_projects/21th_strongpointer_weakpointer/03th/include/utils/LruCache.h" />
		<Unit filename="cpp_projects/21th_strongpointer_weakpointer/03th/include/utils/Mutex.h" />
		<Unit filename="cpp_projects/21th_strongpointer_weakpointer/03th/include/utils/NativeHandle.h" />
		<Unit filename="cpp_projects/21th_strongpointer_weakpointer/03th/include/utils/Printer.h" />
		<Unit filename="cpp_projects/21th_strongpointer_weakpointer/03th/include/utils/ProcessCallStack.h" />
		<Unit filename="cpp_projects/21th_strongpointer_weakpointer/03th/include/utils/PropertyMap.h" />
		<Unit filename="cpp_projects/21th_strongpointer_weakpointer/03th/include/utils/RWLock.h" />
		<Unit filename="cpp_projects/21th_strongpointer_weakpointer/03th/include/utils/RefBase.h" />
		<Unit filename="cpp_projects/21th_strongpointer_weakpointer/03th/include/utils/SharedBuffer.h" />
		<Unit filename="cpp_projects/21th_strongpointer_weakpointer/03th/include/utils/Singleton.h" />
		<Unit filename="cpp_projects/21th_strongpointer_weakpointer/03th/include/utils/SortedVector.h" />
		<Unit filename="cpp_projects/21th_strongpointer_weakpointer/03th/include/utils/StopWatch.h" />
		<Unit filename="cpp_projects/21th_strongpointer_weakpointer/03th/include/utils/String16.h" />
		<Unit filename="cpp_projects/21th_strongpointer_weakpointer/03th/include/utils/String8.h" />
		<Unit filename="cpp_projects/21th_strongpointer_weakpointer/03th/include/utils/StrongPointer.h" />
		<Unit filename="cpp_projects/21th_strongpointer_weakpointer/03th/include/utils/SystemClock.h" />
		<Unit filename="cpp_projects/21th_strongpointer_weakpointer/03th/include/utils/Thread.h" />
		<Unit filename="cpp_projects/21th_strongpointer_weakpointer/03th/include/utils/ThreadDefs.h" />
		<Unit filename="cpp_projects/21th_strongpointer_weakpointer/03th/include/utils/Timers.h" />
		<Unit filename="cpp_projects/21th_strongpointer_weakpointer/03th/include/utils/Tokenizer.h" />
		<Unit filename="cpp_projects/21th_strongpointer_weakpointer/03th/include/utils/Trace.h" />
		<Unit filename="cpp_projects/21th_strongpointer_weakpointer/03th/include/utils/TypeHelpers.h" />
		<Unit filename="cpp_projects/21th_strongpointer_weakpointer/03th/include/utils/Unicode.h" />
		<Unit filename="cpp_projects/21th_strongpointer_weakpointer/03th/include/utils/Vector.h" />
		<Unit filename="cpp_projects/21th_strongpointer_weakpointer/03th/include/utils/VectorImpl.h" />
		<Unit filename="cpp_projects/21th_strongpointer_weakpointer/03th/include/utils/ashmem.h" />
		<Unit filename="cpp_projects/21th_strongpointer_weakpointer/03th/include/utils/misc.h" />
		<Unit filename="cpp_projects/21th_strongpointer_weakpointer/03th/include/utils/threads.h" />
		<Unit filename="cpp_projects/21th_strongpointer_weakpointer/03th/person9.cpp">
			<Option compile="0" />
			<Option link="0" />
		</Unit>
		<Unit filename="cpp_projects/21th_strongpointer_weakpointer/04th/RefBase.cpp">
			<Option compile="0" />
			<Option link="0" />
		</Unit>
		<Unit filename="cpp_projects/21th_strongpointer_weakpointer/04th/include/cutils/android_reboot.h" />
		<Unit filename="cpp_projects/21th_strongpointer_weakpointer/04th/include/cutils/aref.h" />
		<Unit filename="cpp_projects/21th_strongpointer_weakpointer/04th/include/cutils/ashmem.h" />
		<Unit filename="cpp_projects/21th_strongpointer_weakpointer/04th/include/cutils/atomic-arm.h" />
		<Unit filename="cpp_projects/21th_strongpointer_weakpointer/04th/include/cutils/atomic-arm64.h" />
		<Unit filename="cpp_projects/21th_strongpointer_weakpointer/04th/include/cutils/atomic-inline.h" />
		<Unit filename="cpp_projects/21th_strongpointer_weakpointer/04th/include/cutils/atomic-mips.h" />
		<Unit filename="cpp_projects/21th_strongpointer_weakpointer/04th/include/cutils/atomic-mips64.h" />
		<Unit filename="cpp_projects/21th_strongpointer_weakpointer/04th/include/cutils/atomic-x86.h" />
		<Unit filename="cpp_projects/21th_strongpointer_weakpointer/04th/include/cutils/atomic-x86_64.h" />
		<Unit filename="cpp_projects/21th_strongpointer_weakpointer/04th/include/cutils/atomic.h" />
		<Unit filename="cpp_projects/21th_strongpointer_weakpointer/04th/include/cutils/bitops.h" />
		<Unit filename="cpp_projects/21th_strongpointer_weakpointer/04th/include/cutils/compiler.h" />
		<Unit filename="cpp_projects/21th_strongpointer_weakpointer/04th/include/cutils/config_utils.h" />
		<Unit filename="cpp_projects/21th_strongpointer_weakpointer/04th/include/cutils/cpu_info.h" />
		<Unit filename="cpp_projects/21th_strongpointer_weakpointer/04th/include/cutils/debugger.h" />
		<Unit filename="cpp_projects/21th_strongpointer_weakpointer/04th/include/cutils/dir_hash.h" />
		<Unit filename="cpp_projects/21th_strongpointer_weakpointer/04th/include/cutils/fs.h" />
		<Unit filename="cpp_projects/21th_strongpointer_weakpointer/04th/include/cutils/hashmap.h" />
		<Unit filename="cpp_projects/21th_strongpointer_weakpointer/04th/include/cutils/iosched_policy.h" />
		<Unit filename="cpp_projects/21th_strongpointer_weakpointer/04th/include/cutils/jstring.h" />
		<Unit filename="cpp_projects/21th_strongpointer_weakpointer/04th/include/cutils/klog.h" />
		<Unit filename="cpp_projects/21th_strongpointer_weakpointer/04th/include/cutils/list.h" />
		<Unit filename="cpp_projects/21th_strongpointer_weakpointer/04th/include/cutils/log.h" />
		<Unit filename="cpp_projects/21th_strongpointer_weakpointer/04th/include/cutils/memory.h" />
		<Unit filename="cpp_projects/21th_strongpointer_weakpointer/04th/include/cutils/misc.h" />
		<Unit filename="cpp_projects/21th_strongpointer_weakpointer/04th/include/cutils/multiuser.h" />
		<Unit filename="cpp_projects/21th_strongpointer_weakpointer/04th/include/cutils/native_handle.h" />
		<Unit filename="cpp_projects/21th_strongpointer_weakpointer/04th/include/cutils/open_memstream.h" />
		<Unit filename="cpp_projects/21th_strongpointer_weakpointer/04th/include/cutils/partition_utils.h" />
		<Unit filename="cpp_projects/21th_strongpointer_weakpointer/04th/include/cutils/process_name.h" />
		<Unit filename="cpp_projects/21th_strongpointer_weakpointer/04th/include/cutils/properties.h" />
		<Unit filename="cpp_projects/21th_strongpointer_weakpointer/04th/include/cutils/qtaguid.h" />
		<Unit filename="cpp_projects/21th_strongpointer_weakpointer/04th/include/cutils/record_stream.h" />
		<Unit filename="cpp_projects/21th_strongpointer_weakpointer/04th/include/cutils/sched_policy.h" />
		<Unit filename="cpp_projects/21th_strongpointer_weakpointer/04th/include/cutils/sockets.h" />
		<Unit filename="cpp_projects/21th_strongpointer_weakpointer/04th/include/cutils/str_parms.h" />
		<Unit filename="cpp_projects/21th_strongpointer_weakpointer/04th/include/cutils/threads.h" />
		<Unit filename="cpp_projects/21th_strongpointer_weakpointer/04th/include/cutils/trace.h" />
		<Unit filename="cpp_projects/21th_strongpointer_weakpointer/04th/include/cutils/uevent.h" />
		<Unit filename="cpp_projects/21th_strongpointer_weakpointer/04th/include/utils/AndroidThreads.h" />
		<Unit filename="cpp_projects/21th_strongpointer_weakpointer/04th/include/utils/Atomic.h" />
		<Unit filename="cpp_projects/21th_strongpointer_weakpointer/04th/include/utils/BasicHashtable.h" />
		<Unit filename="cpp_projects/21th_strongpointer_weakpointer/04th/include/utils/BitSet.h" />
		<Unit filename="cpp_projects/21th_strongpointer_weakpointer/04th/include/utils/BlobCache.h" />
		<Unit filename="cpp_projects/21th_strongpointer_weakpointer/04th/include/utils/ByteOrder.h" />
		<Unit filename="cpp_projects/21th_strongpointer_weakpointer/04th/include/utils/CallStack.h" />
		<Unit filename="cpp_projects/21th_strongpointer_weakpointer/04th/include/utils/Compat.h" />
		<Unit filename="cpp_projects/21th_strongpointer_weakpointer/04th/include/utils/Condition.h" />
		<Unit filename="cpp_projects/21th_strongpointer_weakpointer/04th/include/utils/Debug.h" />
		<Unit filename="cpp_projects/21th_strongpointer_weakpointer/04th/include/utils/Endian.h" />
		<Unit filename="cpp_projects/21th_strongpointer_weakpointer/04th/include/utils/Errors.h" />
		<Unit filename="cpp_projects/21th_strongpointer_weakpointer/04th/include/utils/FileMap.h" />
		<Unit filename="cpp_projects/21th_strongpointer_weakpointer/04th/include/utils/Flattenable.h" />
		<Unit filename="cpp_projects/21th_strongpointer_weakpointer/04th/include/utils/Functor.h" />
		<Unit filename="cpp_projects/21th_strongpointer_weakpointer/04th/include/utils/JenkinsHash.h" />
		<Unit filename="cpp_projects/21th_strongpointer_weakpointer/04th/include/utils/KeyedVector.h" />
		<Unit filename="cpp_projects/21th_strongpointer_weakpointer/04th/include/utils/LinearAllocator.h" />
		<Unit filename="cpp_projects/21th_strongpointer_weakpointer/04th/include/utils/LinearTransform.h" />
		<Unit filename="cpp_projects/21th_strongpointer_weakpointer/04th/include/utils/List.h" />
		<Unit filename="cpp_projects/21th_strongpointer_weakpointer/04th/include/utils/Log.h" />
		<Unit filename="cpp_projects/21th_strongpointer_weakpointer/04th/include/utils/Looper.h" />
		<Unit filename="cpp_projects/21th_strongpointer_weakpointer/04th/include/utils/LruCache.h" />
		<Unit filename="cpp_projects/21th_strongpointer_weakpointer/04th/include/utils/Mutex.h" />
		<Unit filename="cpp_projects/21th_strongpointer_weakpointer/04th/include/utils/NativeHandle.h" />
		<Unit filename="cpp_projects/21th_strongpointer_weakpointer/04th/include/utils/Printer.h" />
		<Unit filename="cpp_projects/21th_strongpointer_weakpointer/04th/include/utils/ProcessCallStack.h" />
		<Unit filename="cpp_projects/21th_strongpointer_weakpointer/04th/include/utils/PropertyMap.h" />
		<Unit filename="cpp_projects/21th_strongpointer_weakpointer/04th/include/utils/RWLock.h" />
		<Unit filename="cpp_projects/21th_strongpointer_weakpointer/04th/include/utils/RefBase.h" />
		<Unit filename="cpp_projects/21th_strongpointer_weakpointer/04th/include/utils/SharedBuffer.h" />
		<Unit filename="cpp_projects/21th_strongpointer_weakpointer/04th/include/utils/Singleton.h" />
		<Unit filename="cpp_projects/21th_strongpointer_weakpointer/04th/include/utils/SortedVector.h" />
		<Unit filename="cpp_projects/21th_strongpointer_weakpointer/04th/include/utils/StopWatch.h" />
		<Unit filename="cpp_projects/21th_strongpointer_weakpointer/04th/include/utils/String16.h" />
		<Unit filename="cpp_projects/21th_strongpointer_weakpointer/04th/include/utils/String8.h" />
		<Unit filename="cpp_projects/21th_strongpointer_weakpointer/04th/include/utils/StrongPointer.h" />
		<Unit filename="cpp_projects/21th_strongpointer_weakpointer/04th/include/utils/SystemClock.h" />
		<Unit filename="cpp_projects/21th_strongpointer_weakpointer/04th/include/utils/Thread.h" />
		<Unit filename="cpp_projects/21th_strongpointer_weakpointer/04th/include/utils/ThreadDefs.h" />
		<Unit filename="cpp_projects/21th_strongpointer_weakpointer/04th/include/utils/Timers.h" />
		<Unit filename="cpp_projects/21th_strongpointer_weakpointer/04th/include/utils/Tokenizer.h" />
		<Unit filename="cpp_projects/21th_strongpointer_weakpointer/04th/include/utils/Trace.h" />
		<Unit filename="cpp_projects/21th_strongpointer_weakpointer/04th/include/utils/TypeHelpers.h" />
		<Unit filename="cpp_projects/21th_strongpointer_weakpointer/04th/include/utils/Unicode.h" />
		<Unit filename="cpp_projects/21th_strongpointer_weakpointer/04th/include/utils/Vector.h" />
		<Unit filename="cpp_projects/21th_strongpointer_weakpointer/04th/include/utils/VectorImpl.h" />
		<Unit filename="cpp_projects/21th_strongpointer_weakpointer/04th/include/utils/ashmem.h" />
		<Unit filename="cpp_projects/21th_strongpointer_weakpointer/04th/include/utils/misc.h" />
		<Unit filename="cpp_projects/21th_strongpointer_weakpointer/04th/include/utils/threads.h" />
		<Unit filename="cpp_projects/21th_strongpointer_weakpointer/04th/person9.cpp">
			<Option compile="0" />
			<Option link="0" />
		</Unit>
		<Unit filename="cpp_projects/21th_strongpointer_weakpointer/05th/RefBase.cpp">
			<Option compile="0" />
			<Option link="0" />
		</Unit>
		<Unit filename="cpp_projects/21th_strongpointer_weakpointer/05th/include/cutils/android_reboot.h" />
		<Unit filename="cpp_projects/21th_strongpointer_weakpointer/05th/include/cutils/aref.h" />
		<Unit filename="cpp_projects/21th_strongpointer_weakpointer/05th/include/cutils/ashmem.h" />
		<Unit filename="cpp_projects/21th_strongpointer_weakpointer/05th/include/cutils/atomic-arm.h" />
		<Unit filename="cpp_projects/21th_strongpointer_weakpointer/05th/include/cutils/atomic-arm64.h" />
		<Unit filename="cpp_projects/21th_strongpointer_weakpointer/05th/include/cutils/atomic-inline.h" />
		<Unit filename="cpp_projects/21th_strongpointer_weakpointer/05th/include/cutils/atomic-mips.h" />
		<Unit filename="cpp_projects/21th_strongpointer_weakpointer/05th/include/cutils/atomic-mips64.h" />
		<Unit filename="cpp_projects/21th_strongpointer_weakpointer/05th/include/cutils/atomic-x86.h" />
		<Unit filename="cpp_projects/21th_strongpointer_weakpointer/05th/include/cutils/atomic-x86_64.h" />
		<Unit filename="cpp_projects/21th_strongpointer_weakpointer/05th/include/cutils/atomic.h" />
		<Unit filename="cpp_projects/21th_strongpointer_weakpointer/05th/include/cutils/bitops.h" />
		<Unit filename="cpp_projects/21th_strongpointer_weakpointer/05th/include/cutils/compiler.h" />
		<Unit filename="cpp_projects/21th_strongpointer_weakpointer/05th/include/cutils/config_utils.h" />
		<Unit filename="cpp_projects/21th_strongpointer_weakpointer/05th/include/cutils/cpu_info.h" />
		<Unit filename="cpp_projects/21th_strongpointer_weakpointer/05th/include/cutils/debugger.h" />
		<Unit filename="cpp_projects/21th_strongpointer_weakpointer/05th/include/cutils/dir_hash.h" />
		<Unit filename="cpp_projects/21th_strongpointer_weakpointer/05th/include/cutils/fs.h" />
		<Unit filename="cpp_projects/21th_strongpointer_weakpointer/05th/include/cutils/hashmap.h" />
		<Unit filename="cpp_projects/21th_strongpointer_weakpointer/05th/include/cutils/iosched_policy.h" />
		<Unit filename="cpp_projects/21th_strongpointer_weakpointer/05th/include/cutils/jstring.h" />
		<Unit filename="cpp_projects/21th_strongpointer_weakpointer/05th/include/cutils/klog.h" />
		<Unit filename="cpp_projects/21th_strongpointer_weakpointer/05th/include/cutils/list.h" />
		<Unit filename="cpp_projects/21th_strongpointer_weakpointer/05th/include/cutils/log.h" />
		<Unit filename="cpp_projects/21th_strongpointer_weakpointer/05th/include/cutils/memory.h" />
		<Unit filename="cpp_projects/21th_strongpointer_weakpointer/05th/include/cutils/misc.h" />
		<Unit filename="cpp_projects/21th_strongpointer_weakpointer/05th/include/cutils/multiuser.h" />
		<Unit filename="cpp_projects/21th_strongpointer_weakpointer/05th/include/cutils/native_handle.h" />
		<Unit filename="cpp_projects/21th_strongpointer_weakpointer/05th/include/cutils/open_memstream.h" />
		<Unit filename="cpp_projects/21th_strongpointer_weakpointer/05th/include/cutils/partition_utils.h" />
		<Unit filename="cpp_projects/21th_strongpointer_weakpointer/05th/include/cutils/process_name.h" />
		<Unit filename="cpp_projects/21th_strongpointer_weakpointer/05th/include/cutils/properties.h" />
		<Unit filename="cpp_projects/21th_strongpointer_weakpointer/05th/include/cutils/qtaguid.h" />
		<Unit filename="cpp_projects/21th_strongpointer_weakpointer/05th/include/cutils/record_stream.h" />
		<Unit filename="cpp_projects/21th_strongpointer_weakpointer/05th/include/cutils/sched_policy.h" />
		<Unit filename="cpp_projects/21th_strongpointer_weakpointer/05th/include/cutils/sockets.h" />
		<Unit filename="cpp_projects/21th_strongpointer_weakpointer/05th/include/cutils/str_parms.h" />
		<Unit filename="cpp_projects/21th_strongpointer_weakpointer/05th/include/cutils/threads.h" />
		<Unit filename="cpp_projects/21th_strongpointer_weakpointer/05th/include/cutils/trace.h" />
		<Unit filename="cpp_projects/21th_strongpointer_weakpointer/05th/include/cutils/uevent.h" />
		<Unit filename="cpp_projects/21th_strongpointer_weakpointer/05th/include/utils/AndroidThreads.h" />
		<Unit filename="cpp_projects/21th_strongpointer_weakpointer/05th/include/utils/Atomic.h" />
		<Unit filename="cpp_projects/21th_strongpointer_weakpointer/05th/include/utils/BasicHashtable.h" />
		<Unit filename="cpp_projects/21th_strongpointer_weakpointer/05th/include/utils/BitSet.h" />
		<Unit filename="cpp_projects/21th_strongpointer_weakpointer/05th/include/utils/BlobCache.h" />
		<Unit filename="cpp_projects/21th_strongpointer_weakpointer/05th/include/utils/ByteOrder.h" />
		<Unit filename="cpp_projects/21th_strongpointer_weakpointer/05th/include/utils/CallStack.h" />
		<Unit filename="cpp_projects/21th_strongpointer_weakpointer/05th/include/utils/Compat.h" />
		<Unit filename="cpp_projects/21th_strongpointer_weakpointer/05th/include/utils/Condition.h" />
		<Unit filename="cpp_projects/21th_strongpointer_weakpointer/05th/include/utils/Debug.h" />
		<Unit filename="cpp_projects/21th_strongpointer_weakpointer/05th/include/utils/Endian.h" />
		<Unit filename="cpp_projects/21th_strongpointer_weakpointer/05th/include/utils/Errors.h" />
		<Unit filename="cpp_projects/21th_strongpointer_weakpointer/05th/include/utils/FileMap.h" />
		<Unit filename="cpp_projects/21th_strongpointer_weakpointer/05th/include/utils/Flattenable.h" />
		<Unit filename="cpp_projects/21th_strongpointer_weakpointer/05th/include/utils/Functor.h" />
		<Unit filename="cpp_projects/21th_strongpointer_weakpointer/05th/include/utils/JenkinsHash.h" />
		<Unit filename="cpp_projects/21th_strongpointer_weakpointer/05th/include/utils/KeyedVector.h" />
		<Unit filename="cpp_projects/21th_strongpointer_weakpointer/05th/include/utils/LinearAllocator.h" />
		<Unit filename="cpp_projects/21th_strongpointer_weakpointer/05th/include/utils/LinearTransform.h" />
		<Unit filename="cpp_projects/21th_strongpointer_weakpointer/05th/include/utils/List.h" />
		<Unit filename="cpp_projects/21th_strongpointer_weakpointer/05th/include/utils/Log.h" />
		<Unit filename="cpp_projects/21th_strongpointer_weakpointer/05th/include/utils/Looper.h" />
		<Unit filename="cpp_projects/21th_strongpointer_weakpointer/05th/include/utils/LruCache.h" />
		<Unit filename="cpp_projects/21th_strongpointer_weakpointer/05th/include/utils/Mutex.h" />
		<Unit filename="cpp_projects/21th_strongpointer_weakpointer/05th/include/utils/NativeHandle.h" />
		<Unit filename="cpp_projects/21th_strongpointer_weakpointer/05th/include/utils/Printer.h" />
		<Unit filename="cpp_projects/21th_strongpointer_weakpointer/05th/include/utils/ProcessCallStack.h" />
		<Unit filename="cpp_projects/21th_strongpointer_weakpointer/05th/include/utils/PropertyMap.h" />
		<Unit filename="cpp_projects/21th_strongpointer_weakpointer/05th/include/utils/RWLock.h" />
		<Unit filename="cpp_projects/21th_strongpointer_weakpointer/05th/include/utils/RefBase.h" />
		<Unit filename="cpp_projects/21th_strongpointer_weakpointer/05th/include/utils/SharedBuffer.h" />
		<Unit filename="cpp_projects/21th_strongpointer_weakpointer/05th/include/utils/Singleton.h" />
		<Unit filename="cpp_projects/21th_strongpointer_weakpointer/05th/include/utils/SortedVector.h" />
		<Unit filename="cpp_projects/21th_strongpointer_weakpointer/05th/include/utils/StopWatch.h" />
		<Unit filename="cpp_projects/21th_strongpointer_weakpointer/05th/include/utils/String16.h" />
		<Unit filename="cpp_projects/21th_strongpointer_weakpointer/05th/include/utils/String8.h" />
		<Unit filename="cpp_projects/21th_strongpointer_weakpointer/05th/include/utils/StrongPointer.h" />
		<Unit filename="cpp_projects/21th_strongpointer_weakpointer/05th/include/utils/SystemClock.h" />
		<Unit filename="cpp_projects/21th_strongpointer_weakpointer/05th/include/utils/Thread.h" />
		<Unit filename="cpp_projects/21th_strongpointer_weakpointer/05th/include/utils/ThreadDefs.h" />
		<Unit filename="cpp_projects/21th_strongpointer_weakpointer/05th/include/utils/Timers.h" />
		<Unit filename="cpp_projects/21th_strongpointer_weakpointer/05th/include/utils/Tokenizer.h" />
		<Unit filename="cpp_projects/21th_strongpointer_weakpointer/05th/include/utils/Trace.h" />
		<Unit filename="cpp_projects/21th_strongpointer_weakpointer/05th/include/utils/TypeHelpers.h" />
		<Unit filename="cpp_projects/21th_strongpointer_weakpointer/05th/include/utils/Unicode.h" />
		<Unit filename="cpp_projects/21th_strongpointer_weakpointer/05th/include/utils/Vector.h" />
		<Unit filename="cpp_projects/21th_strongpointer_weakpointer/05th/include/utils/VectorImpl.h" />
		<Unit filename="cpp_projects/21th_strongpointer_weakpointer/05th/include/utils/ashmem.h" />
		<Unit filename="cpp_projects/21th_strongpointer_weakpointer/05th/include/utils/misc.h" />
		<Unit filename="cpp_projects/21th_strongpointer_weakpointer/05th/include/utils/threads.h" />
		<Unit filename="cpp_projects/21th_strongpointer_weakpointer/05th/person9.cpp">
			<Option compile="0" />
			<Option link="0" />
		</Unit>
		<Extensions>
			<lib_finder disable_auto="1" />
		</Extensions>
	</Project>
</CodeBlocks_project_file>
