
Microsoft Visual Studio Solution File, Format Version 12.00
# Visual Studio 2013
VisualStudioVersion = 12.0.21005.1
MinimumVisualStudioVersion = 10.0.40219.1
Project("{8BC9CEB8-8B4A-11D0-8D11-00A0C91BC942}") = "函数重载的原理", "函数重载的原理\函数重载的原理.vcxproj", "{86F4BDCF-EF06-4A91-92F3-58D6EA042556}"
EndProject
Project("{8BC9CEB8-8B4A-11D0-8D11-00A0C91BC942}") = "函数的默认参数", "函数的默认参数\函数的默认参数.vcxproj", "{76C7FDB8-4E02-42DA-85A4-1D872E870030}"
EndProject
Global
	GlobalSection(SolutionConfigurationPlatforms) = preSolution
		Debug|Win32 = Debug|Win32
		Release|Win32 = Release|Win32
	EndGlobalSection
	GlobalSection(ProjectConfigurationPlatforms) = postSolution
		{86F4BDCF-EF06-4A91-92F3-58D6EA042556}.Debug|Win32.ActiveCfg = Debug|Win32
		{86F4BDCF-EF06-4A91-92F3-58D6EA042556}.Debug|Win32.Build.0 = Debug|Win32
		{86F4BDCF-EF06-4A91-92F3-58D6EA042556}.Release|Win32.ActiveCfg = Release|Win32
		{86F4BDCF-EF06-4A91-92F3-58D6EA042556}.Release|Win32.Build.0 = Release|Win32
		{76C7FDB8-4E02-42DA-85A4-1D872E870030}.Debug|Win32.ActiveCfg = Debug|Win32
		{76C7FDB8-4E02-42DA-85A4-1D872E870030}.Debug|Win32.Build.0 = Debug|Win32
		{76C7FDB8-4E02-42DA-85A4-1D872E870030}.Release|Win32.ActiveCfg = Release|Win32
		{76C7FDB8-4E02-42DA-85A4-1D872E870030}.Release|Win32.Build.0 = Release|Win32
	EndGlobalSection
	GlobalSection(SolutionProperties) = preSolution
		HideSolutionNode = FALSE
	EndGlobalSection
EndGlobal
