<?xml version="1.0" encoding="UTF-8" standalone="yes" ?>
<CodeBlocks_project_file>
	<FileVersion major="1" minor="6" />
	<Project>
		<Option title="05-cpp-design-mode-pro" />
		<Option pch_mode="2" />
		<Option compiler="gcc" />
		<Build>
			<Target title="Debug">
				<Option output="bin/Debug/05-cpp-design-mode-pro" prefix_auto="1" extension_auto="1" />
				<Option object_output="obj/Debug/" />
				<Option type="1" />
				<Option compiler="gcc" />
				<Compiler>
					<Add option="-g" />
				</Compiler>
			</Target>
			<Target title="Release">
				<Option output="bin/Release/05-cpp-design-mode-pro" prefix_auto="1" extension_auto="1" />
				<Option object_output="obj/Release/" />
				<Option type="1" />
				<Option compiler="gcc" />
				<Compiler>
					<Add option="-O2" />
				</Compiler>
				<Linker>
					<Add option="-s" />
				</Linker>
			</Target>
		</Build>
		<Compiler>
			<Add option="-Wall" />
		</Compiler>
		<Unit filename="builder-mode-02/builder-mode-02-unuse-director.cpp">
			<Option compile="0" />
			<Option link="0" />
		</Unit>
		<Unit filename="builder-mode-02/builder-mode-02.cpp">
			<Option compile="0" />
			<Option link="0" />
		</Unit>
		<Unit filename="builder-mode-03/Builder.cpp">
			<Option compile="0" />
			<Option link="0" />
		</Unit>
		<Unit filename="builder-mode-03/Builder.h" />
		<Unit filename="builder-mode-03/Component.cpp">
			<Option compile="0" />
			<Option link="0" />
		</Unit>
		<Unit filename="builder-mode-03/Director.cpp">
			<Option compile="0" />
			<Option link="0" />
		</Unit>
		<Unit filename="builder-mode-03/Director.h" />
		<Unit filename="builder-mode-03/Product.cpp">
			<Option compile="0" />
			<Option link="0" />
		</Unit>
		<Unit filename="builder-mode-03/Product.h" />
		<Unit filename="builder-mode-03/main.cpp">
			<Option compile="0" />
			<Option link="0" />
		</Unit>
		<Unit filename="builder-mode-04/builder-mode-04-unuse-director-02.cpp" />
		<Unit filename="builder-mode-04/builder-mode-04-unuse-director.cpp">
			<Option compile="0" />
			<Option link="0" />
		</Unit>
		<Unit filename="builder-mode-04/builder-mode-04.cpp">
			<Option compile="0" />
			<Option link="0" />
		</Unit>
		<Unit filename="builder01/Builder.cpp">
			<Option compile="0" />
			<Option link="0" />
		</Unit>
		<Unit filename="builder01/Builder.h" />
		<Unit filename="builder01/Component.cpp">
			<Option compile="0" />
			<Option link="0" />
		</Unit>
		<Unit filename="builder01/Director.cpp">
			<Option compile="0" />
			<Option link="0" />
		</Unit>
		<Unit filename="builder01/Director.h" />
		<Unit filename="builder01/Product.cpp">
			<Option compile="0" />
			<Option link="0" />
		</Unit>
		<Unit filename="builder01/Product.h" />
		<Unit filename="builder01/main.cpp">
			<Option compile="0" />
			<Option link="0" />
		</Unit>
		<Extensions>
			<lib_finder disable_auto="1" />
		</Extensions>
	</Project>
</CodeBlocks_project_file>
