
Microsoft Visual Studio Solution File, Format Version 12.00
# Visual Studio 2013
VisualStudioVersion = 12.0.21005.1
MinimumVisualStudioVersion = 10.0.40219.1
Project("{8BC9CEB8-8B4A-11D0-8D11-00A0C91BC942}") = "CCPP不同", "CCPP不同\CCPP不同.vcxproj", "{52FEA102-F506-414E-BC62-46CF99CBC2E1}"
EndProject
Project("{8BC9CEB8-8B4A-11D0-8D11-00A0C91BC942}") = "C的缺陷", "C的缺陷\C的缺陷.vcxproj", "{20A1051C-CEFB-4CBE-8425-FA056C12D0B2}"
EndProject
Project("{8BC9CEB8-8B4A-11D0-8D11-00A0C91BC942}") = "命名空间", "命名空间\命名空间.vcxproj", "{8ED9F4B7-174E-4E5A-B6EC-322EDB2392FA}"
EndProject
Project("{8BC9CEB8-8B4A-11D0-8D11-00A0C91BC942}") = "命名空间区别", "命名空间区别\命名空间区别.vcxproj", "{ED8DE519-1512-42EF-891E-F45D8F3662E6}"
EndProject
Project("{8BC9CEB8-8B4A-11D0-8D11-00A0C91BC942}") = "C全局变量的缺点", "C全局变量的缺点\C全局变量的缺点.vcxproj", "{4FE0EB16-19D8-4C7B-A0FE-4A261F338A16}"
EndProject
Global
	GlobalSection(SolutionConfigurationPlatforms) = preSolution
		Debug|Win32 = Debug|Win32
		Release|Win32 = Release|Win32
	EndGlobalSection
	GlobalSection(ProjectConfigurationPlatforms) = postSolution
		{52FEA102-F506-414E-BC62-46CF99CBC2E1}.Debug|Win32.ActiveCfg = Debug|Win32
		{52FEA102-F506-414E-BC62-46CF99CBC2E1}.Debug|Win32.Build.0 = Debug|Win32
		{52FEA102-F506-414E-BC62-46CF99CBC2E1}.Release|Win32.ActiveCfg = Release|Win32
		{52FEA102-F506-414E-BC62-46CF99CBC2E1}.Release|Win32.Build.0 = Release|Win32
		{20A1051C-CEFB-4CBE-8425-FA056C12D0B2}.Debug|Win32.ActiveCfg = Debug|Win32
		{20A1051C-CEFB-4CBE-8425-FA056C12D0B2}.Debug|Win32.Build.0 = Debug|Win32
		{20A1051C-CEFB-4CBE-8425-FA056C12D0B2}.Release|Win32.ActiveCfg = Release|Win32
		{20A1051C-CEFB-4CBE-8425-FA056C12D0B2}.Release|Win32.Build.0 = Release|Win32
		{8ED9F4B7-174E-4E5A-B6EC-322EDB2392FA}.Debug|Win32.ActiveCfg = Debug|Win32
		{8ED9F4B7-174E-4E5A-B6EC-322EDB2392FA}.Debug|Win32.Build.0 = Debug|Win32
		{8ED9F4B7-174E-4E5A-B6EC-322EDB2392FA}.Release|Win32.ActiveCfg = Release|Win32
		{8ED9F4B7-174E-4E5A-B6EC-322EDB2392FA}.Release|Win32.Build.0 = Release|Win32
		{ED8DE519-1512-42EF-891E-F45D8F3662E6}.Debug|Win32.ActiveCfg = Debug|Win32
		{ED8DE519-1512-42EF-891E-F45D8F3662E6}.Debug|Win32.Build.0 = Debug|Win32
		{ED8DE519-1512-42EF-891E-F45D8F3662E6}.Release|Win32.ActiveCfg = Release|Win32
		{ED8DE519-1512-42EF-891E-F45D8F3662E6}.Release|Win32.Build.0 = Release|Win32
		{4FE0EB16-19D8-4C7B-A0FE-4A261F338A16}.Debug|Win32.ActiveCfg = Debug|Win32
		{4FE0EB16-19D8-4C7B-A0FE-4A261F338A16}.Debug|Win32.Build.0 = Debug|Win32
		{4FE0EB16-19D8-4C7B-A0FE-4A261F338A16}.Release|Win32.ActiveCfg = Release|Win32
		{4FE0EB16-19D8-4C7B-A0FE-4A261F338A16}.Release|Win32.Build.0 = Release|Win32
	EndGlobalSection
	GlobalSection(SolutionProperties) = preSolution
		HideSolutionNode = FALSE
	EndGlobalSection
EndGlobal
