
Microsoft Visual Studio Solution File, Format Version 11.00
# Visual Studio 2010
Project("{8BC9CEB8-8B4A-11D0-8D11-00A0C91BC942}") = "opencv_test_p", "opencv_test_p\opencv_test_p.vcxproj", "{83C713EE-1F92-4D0B-8713-620A1C77E5FF}"
EndProject
Global
	GlobalSection(SolutionConfigurationPlatforms) = preSolution
		Debug|Win32 = Debug|Win32
		Debug|x64 = Debug|x64
		Release|Win32 = Release|Win32
		Release|x64 = Release|x64
	EndGlobalSection
	GlobalSection(ProjectConfigurationPlatforms) = postSolution
		{83C713EE-1F92-4D0B-8713-620A1C77E5FF}.Debug|Win32.ActiveCfg = Debug|Win32
		{83C713EE-1F92-4D0B-8713-620A1C77E5FF}.Debug|Win32.Build.0 = Debug|Win32
		{83C713EE-1F92-4D0B-8713-620A1C77E5FF}.Debug|x64.ActiveCfg = Debug|x64
		{83C713EE-1F92-4D0B-8713-620A1C77E5FF}.Debug|x64.Build.0 = Debug|x64
		{83C713EE-1F92-4D0B-8713-620A1C77E5FF}.Release|Win32.ActiveCfg = Release|Win32
		{83C713EE-1F92-4D0B-8713-620A1C77E5FF}.Release|Win32.Build.0 = Release|Win32
		{83C713EE-1F92-4D0B-8713-620A1C77E5FF}.Release|x64.ActiveCfg = Release|x64
		{83C713EE-1F92-4D0B-8713-620A1C77E5FF}.Release|x64.Build.0 = Release|x64
	EndGlobalSection
	GlobalSection(SolutionProperties) = preSolution
		HideSolutionNode = FALSE
	EndGlobalSection
EndGlobal
